
Microsoft Visual Studio Solution File, Format Version 12.00
# Visual Studio 15
VisualStudioVersion = 15.0.27130.2036
MinimumVisualStudioVersion = 10.0.40219.1
Project("{FAE04EC0-301F-11D3-BF4B-00C04F79EFBC}") = "AbstractFactory", "AbstractFactory\AbstractFactory.csproj", "{AAD67FA4-AF58-4D21-B681-BF768726F147}"
EndProject
Project("{2150E333-8FDC-42A3-9474-1A3956D46DE8}") = "AbstractFactory", "AbstractFactory", "{F44CCBF9-043C-4479-BD34-A8CFCA9D2199}"
EndProject
Global
	GlobalSection(SolutionConfigurationPlatforms) = preSolution
		Debug|Any CPU = Debug|Any CPU
		Release|Any CPU = Release|Any CPU
	EndGlobalSection
	GlobalSection(ProjectConfigurationPlatforms) = postSolution
		{AAD67FA4-AF58-4D21-B681-BF768726F147}.Debug|Any CPU.ActiveCfg = Debug|Any CPU
		{AAD67FA4-AF58-4D21-B681-BF768726F147}.Debug|Any CPU.Build.0 = Debug|Any CPU
		{AAD67FA4-AF58-4D21-B681-BF768726F147}.Release|Any CPU.ActiveCfg = Release|Any CPU
		{AAD67FA4-AF58-4D21-B681-BF768726F147}.Release|Any CPU.Build.0 = Release|Any CPU
	EndGlobalSection
	GlobalSection(SolutionProperties) = preSolution
		HideSolutionNode = FALSE
	EndGlobalSection
	GlobalSection(NestedProjects) = preSolution
		{AAD67FA4-AF58-4D21-B681-BF768726F147} = {F44CCBF9-043C-4479-BD34-A8CFCA9D2199}
	EndGlobalSection
	GlobalSection(ExtensibilityGlobals) = postSolution
		SolutionGuid = {A73001DF-2F0A-4A2B-A142-2B08F1A85D18}
	EndGlobalSection
EndGlobal
